// !$*UTF8*$!
{
	archiveVersion = 1;
	classes = {
	};
	objectVersion = 46;
	objects = {

/* Begin PBXBuildFile section */
		471EFFE01DCB207100F0C902 /* BVH.cpp in Sources */ = {isa = PBXBuildFile; fileRef = 471EFFBF1DCB207100F0C902 /* BVH.cpp */; };
		471EFFE11DCB207100F0C902 /* BVHNode.cpp in Sources */ = {isa = PBXBuildFile; fileRef = 471EFFC11DCB207100F0C902 /* BVHNode.cpp */; };
		471EFFE21DCB207100F0C902 /* Camera.cpp in Sources */ = {isa = PBXBuildFile; fileRef = 471EFFC31DCB207100F0C902 /* Camera.cpp */; };
		471EFFE31DCB207100F0C902 /* CudaBVH.cpp in Sources */ = {isa = PBXBuildFile; fileRef = 471EFFC61DCB207100F0C902 /* CudaBVH.cpp */; };
		471EFFE41DCB207100F0C902 /* HDRloader.cpp in Sources */ = {isa = PBXBuildFile; fileRef = 471EFFCB1DCB207100F0C902 /* HDRloader.cpp */; };
		471EFFE51DCB207100F0C902 /* main.cpp in Sources */ = {isa = PBXBuildFile; fileRef = 471EFFCE1DCB207100F0C902 /* main.cpp */; };
		471EFFE61DCB207100F0C902 /* README.md in Sources */ = {isa = PBXBuildFile; fileRef = 471EFFD01DCB207100F0C902 /* README.md */; };
		471EFFE71DCB207100F0C902 /* rgbe.cpp in Sources */ = {isa = PBXBuildFile; fileRef = 471EFFD41DCB207100F0C902 /* rgbe.cpp */; };
		471EFFE81DCB207100F0C902 /* SceneLoader.cpp in Sources */ = {isa = PBXBuildFile; fileRef = 471EFFD71DCB207100F0C902 /* SceneLoader.cpp */; };
		471EFFE91DCB207100F0C902 /* Sort.cpp in Sources */ = {isa = PBXBuildFile; fileRef = 471EFFD91DCB207100F0C902 /* Sort.cpp */; };
		471EFFEA1DCB207100F0C902 /* SplitBVHBuilder.cpp in Sources */ = {isa = PBXBuildFile; fileRef = 471EFFDB1DCB207100F0C902 /* SplitBVHBuilder.cpp */; };
		471EFFEB1DCB207100F0C902 /* Util.cpp in Sources */ = {isa = PBXBuildFile; fileRef = 471EFFDE1DCB207100F0C902 /* Util.cpp */; };
		471EFFEE1DCB20BC00F0C902 /* OpenGL.framework in Frameworks */ = {isa = PBXBuildFile; fileRef = 471EFFED1DCB20BC00F0C902 /* OpenGL.framework */; };
		471EFFF01DCB20C900F0C902 /* libGLEW.2.0.0.dylib in Frameworks */ = {isa = PBXBuildFile; fileRef = 471EFFEF1DCB20C900F0C902 /* libGLEW.2.0.0.dylib */; };
		471EFFF21DCB20E300F0C902 /* GLUT.framework in Frameworks */ = {isa = PBXBuildFile; fileRef = 471EFFF11DCB20E300F0C902 /* GLUT.framework */; };
/* End PBXBuildFile section */

/* Begin PBXCopyFilesBuildPhase section */
		471EFFB21DCB203F00F0C902 /* CopyFiles */ = {
			isa = PBXCopyFilesBuildPhase;
			buildActionMask = 2147483647;
			dstPath = /usr/share/man/man1/;
			dstSubfolderSpec = 0;
			files = (
			);
			runOnlyForDeploymentPostprocessing = 1;
		};
/* End PBXCopyFilesBuildPhase section */

/* Begin PBXFileReference section */
		471EFFB41DCB203F00F0C902 /* GPU-path-tracing-tutorial-4 */ = {isa = PBXFileReference; explicitFileType = "compiled.mach-o.executable"; includeInIndex = 0; path = "GPU-path-tracing-tutorial-4"; sourceTree = BUILT_PRODUCTS_DIR; };
		471EFFBE1DCB207100F0C902 /* Array.h */ = {isa = PBXFileReference; fileEncoding = 4; lastKnownFileType = sourcecode.c.h; path = Array.h; sourceTree = "<group>"; };
		471EFFBF1DCB207100F0C902 /* BVH.cpp */ = {isa = PBXFileReference; fileEncoding = 4; lastKnownFileType = sourcecode.cpp.cpp; path = BVH.cpp; sourceTree = "<group>"; };
		471EFFC01DCB207100F0C902 /* BVH.h */ = {isa = PBXFileReference; fileEncoding = 4; lastKnownFileType = sourcecode.c.h; path = BVH.h; sourceTree = "<group>"; };
		471EFFC11DCB207100F0C902 /* BVHNode.cpp */ = {isa = PBXFileReference; fileEncoding = 4; lastKnownFileType = sourcecode.cpp.cpp; path = BVHNode.cpp; sourceTree = "<group>"; };
		471EFFC21DCB207100F0C902 /* BVHNode.h */ = {isa = PBXFileReference; fileEncoding = 4; lastKnownFileType = sourcecode.c.h; path = BVHNode.h; sourceTree = "<group>"; };
		471EFFC31DCB207100F0C902 /* Camera.cpp */ = {isa = PBXFileReference; fileEncoding = 4; lastKnownFileType = sourcecode.cpp.cpp; path = Camera.cpp; sourceTree = "<group>"; };
		471EFFC41DCB207100F0C902 /* Camera.h */ = {isa = PBXFileReference; fileEncoding = 4; lastKnownFileType = sourcecode.c.h; path = Camera.h; sourceTree = "<group>"; };
		471EFFC51DCB207100F0C902 /* CMakeLists.txt */ = {isa = PBXFileReference; fileEncoding = 4; lastKnownFileType = text; path = CMakeLists.txt; sourceTree = "<group>"; };
		471EFFC61DCB207100F0C902 /* CudaBVH.cpp */ = {isa = PBXFileReference; fileEncoding = 4; lastKnownFileType = sourcecode.cpp.cpp; path = CudaBVH.cpp; sourceTree = "<group>"; };
		471EFFC71DCB207100F0C902 /* CudaBVH.h */ = {isa = PBXFileReference; fileEncoding = 4; lastKnownFileType = sourcecode.c.h; path = CudaBVH.h; sourceTree = "<group>"; };
		471EFFC81DCB207100F0C902 /* CudaRenderKernel.h */ = {isa = PBXFileReference; fileEncoding = 4; lastKnownFileType = sourcecode.c.h; path = CudaRenderKernel.h; sourceTree = "<group>"; };
		471EFFC91DCB207100F0C902 /* cutil_math.h */ = {isa = PBXFileReference; fileEncoding = 4; lastKnownFileType = sourcecode.c.h; path = cutil_math.h; sourceTree = "<group>"; };
		471EFFCA1DCB207100F0C902 /* Geometry.h */ = {isa = PBXFileReference; fileEncoding = 4; lastKnownFileType = sourcecode.c.h; path = Geometry.h; sourceTree = "<group>"; };
		471EFFCB1DCB207100F0C902 /* HDRloader.cpp */ = {isa = PBXFileReference; fileEncoding = 4; lastKnownFileType = sourcecode.cpp.cpp; path = HDRloader.cpp; sourceTree = "<group>"; };
		471EFFCC1DCB207100F0C902 /* HDRloader.h */ = {isa = PBXFileReference; fileEncoding = 4; lastKnownFileType = sourcecode.c.h; path = HDRloader.h; sourceTree = "<group>"; };
		471EFFCD1DCB207100F0C902 /* linear_math.h */ = {isa = PBXFileReference; fileEncoding = 4; lastKnownFileType = sourcecode.c.h; path = linear_math.h; sourceTree = "<group>"; };
		471EFFCE1DCB207100F0C902 /* main.cpp */ = {isa = PBXFileReference; fileEncoding = 4; lastKnownFileType = sourcecode.cpp.cpp; path = main.cpp; sourceTree = "<group>"; };
		471EFFCF1DCB207100F0C902 /* MouseKeyboardInput.h */ = {isa = PBXFileReference; fileEncoding = 4; lastKnownFileType = sourcecode.c.h; path = MouseKeyboardInput.h; sourceTree = "<group>"; };
		471EFFD01DCB207100F0C902 /* README.md */ = {isa = PBXFileReference; fileEncoding = 4; lastKnownFileType = net.daringfireball.markdown; path = README.md; sourceTree = "<group>"; };
		471EFFD11DCB207100F0C902 /* renderkernel.cu */ = {isa = PBXFileReference; fileEncoding = 4; lastKnownFileType = text; path = renderkernel.cu; sourceTree = "<group>"; };
		471EFFD21DCB207100F0C902 /* renderKernel.cuh */ = {isa = PBXFileReference; fileEncoding = 4; lastKnownFileType = text; path = renderKernel.cuh; sourceTree = "<group>"; };
		471EFFD31DCB207100F0C902 /* resource.h */ = {isa = PBXFileReference; fileEncoding = 4; lastKnownFileType = sourcecode.c.h; path = resource.h; sourceTree = "<group>"; };
		471EFFD41DCB207100F0C902 /* rgbe.cpp */ = {isa = PBXFileReference; fileEncoding = 4; lastKnownFileType = sourcecode.cpp.cpp; path = rgbe.cpp; sourceTree = "<group>"; };
		471EFFD51DCB207100F0C902 /* rgbe.h */ = {isa = PBXFileReference; fileEncoding = 4; lastKnownFileType = sourcecode.c.h; path = rgbe.h; sourceTree = "<group>"; };
		471EFFD61DCB207100F0C902 /* Scene.h */ = {isa = PBXFileReference; fileEncoding = 4; lastKnownFileType = sourcecode.c.h; path = Scene.h; sourceTree = "<group>"; };
		471EFFD71DCB207100F0C902 /* SceneLoader.cpp */ = {isa = PBXFileReference; fileEncoding = 4; lastKnownFileType = sourcecode.cpp.cpp; path = SceneLoader.cpp; sourceTree = "<group>"; };
		471EFFD81DCB207100F0C902 /* SceneLoader.h */ = {isa = PBXFileReference; fileEncoding = 4; lastKnownFileType = sourcecode.c.h; path = SceneLoader.h; sourceTree = "<group>"; };
		471EFFD91DCB207100F0C902 /* Sort.cpp */ = {isa = PBXFileReference; fileEncoding = 4; lastKnownFileType = sourcecode.cpp.cpp; path = Sort.cpp; sourceTree = "<group>"; };
		471EFFDA1DCB207100F0C902 /* Sort.h */ = {isa = PBXFileReference; fileEncoding = 4; lastKnownFileType = sourcecode.c.h; path = Sort.h; sourceTree = "<group>"; };
		471EFFDB1DCB207100F0C902 /* SplitBVHBuilder.cpp */ = {isa = PBXFileReference; fileEncoding = 4; lastKnownFileType = sourcecode.cpp.cpp; path = SplitBVHBuilder.cpp; sourceTree = "<group>"; };
		471EFFDC1DCB207100F0C902 /* SplitBVHBuilder.h */ = {isa = PBXFileReference; fileEncoding = 4; lastKnownFileType = sourcecode.c.h; path = SplitBVHBuilder.h; sourceTree = "<group>"; };
		471EFFDD1DCB207100F0C902 /* tonemap.cuh */ = {isa = PBXFileReference; fileEncoding = 4; lastKnownFileType = text; path = tonemap.cuh; sourceTree = "<group>"; };
		471EFFDE1DCB207100F0C902 /* Util.cpp */ = {isa = PBXFileReference; fileEncoding = 4; lastKnownFileType = sourcecode.cpp.cpp; path = Util.cpp; sourceTree = "<group>"; };
		471EFFDF1DCB207100F0C902 /* Util.h */ = {isa = PBXFileReference; fileEncoding = 4; lastKnownFileType = sourcecode.c.h; path = Util.h; sourceTree = "<group>"; };
		471EFFED1DCB20BC00F0C902 /* OpenGL.framework */ = {isa = PBXFileReference; lastKnownFileType = wrapper.framework; name = OpenGL.framework; path = System/Library/Frameworks/OpenGL.framework; sourceTree = SDKROOT; };
		471EFFEF1DCB20C900F0C902 /* libGLEW.2.0.0.dylib */ = {isa = PBXFileReference; lastKnownFileType = "compiled.mach-o.dylib"; name = libGLEW.2.0.0.dylib; path = ../../../../../usr/local/Cellar/glew/2.0.0/lib/libGLEW.2.0.0.dylib; sourceTree = "<group>"; };
		471EFFF11DCB20E300F0C902 /* GLUT.framework */ = {isa = PBXFileReference; lastKnownFileType = wrapper.framework; name = GLUT.framework; path = System/Library/Frameworks/GLUT.framework; sourceTree = SDKROOT; };
/* End PBXFileReference section */

/* Begin PBXFrameworksBuildPhase section */
		471EFFB11DCB203F00F0C902 /* Frameworks */ = {
			isa = PBXFrameworksBuildPhase;
			buildActionMask = 2147483647;
			files = (
				471EFFF21DCB20E300F0C902 /* GLUT.framework in Frameworks */,
				471EFFF01DCB20C900F0C902 /* libGLEW.2.0.0.dylib in Frameworks */,
				471EFFEE1DCB20BC00F0C902 /* OpenGL.framework in Frameworks */,
			);
			runOnlyForDeploymentPostprocessing = 0;
		};
/* End PBXFrameworksBuildPhase section */

/* Begin PBXGroup section */
		471EFFAB1DCB203F00F0C902 = {
			isa = PBXGroup;
			children = (
				471EFFB61DCB203F00F0C902 /* GPU-path-tracing-tutorial-4 */,
				471EFFB51DCB203F00F0C902 /* Products */,
				471EFFEC1DCB20BC00F0C902 /* Frameworks */,
			);
			sourceTree = "<group>";
		};
		471EFFB51DCB203F00F0C902 /* Products */ = {
			isa = PBXGroup;
			children = (
				471EFFB41DCB203F00F0C902 /* GPU-path-tracing-tutorial-4 */,
			);
			name = Products;
			sourceTree = "<group>";
		};
		471EFFB61DCB203F00F0C902 /* GPU-path-tracing-tutorial-4 */ = {
			isa = PBXGroup;
			children = (
				471EFFBE1DCB207100F0C902 /* Array.h */,
				471EFFBF1DCB207100F0C902 /* BVH.cpp */,
				471EFFC01DCB207100F0C902 /* BVH.h */,
				471EFFC11DCB207100F0C902 /* BVHNode.cpp */,
				471EFFC21DCB207100F0C902 /* BVHNode.h */,
				471EFFC31DCB207100F0C902 /* Camera.cpp */,
				471EFFC41DCB207100F0C902 /* Camera.h */,
				471EFFC51DCB207100F0C902 /* CMakeLists.txt */,
				471EFFC61DCB207100F0C902 /* CudaBVH.cpp */,
				471EFFC71DCB207100F0C902 /* CudaBVH.h */,
				471EFFC81DCB207100F0C902 /* CudaRenderKernel.h */,
				471EFFC91DCB207100F0C902 /* cutil_math.h */,
				471EFFCA1DCB207100F0C902 /* Geometry.h */,
				471EFFCB1DCB207100F0C902 /* HDRloader.cpp */,
				471EFFCC1DCB207100F0C902 /* HDRloader.h */,
				471EFFCD1DCB207100F0C902 /* linear_math.h */,
				471EFFCE1DCB207100F0C902 /* main.cpp */,
				471EFFCF1DCB207100F0C902 /* MouseKeyboardInput.h */,
				471EFFD01DCB207100F0C902 /* README.md */,
				471EFFD11DCB207100F0C902 /* renderkernel.cu */,
				471EFFD21DCB207100F0C902 /* renderKernel.cuh */,
				471EFFD31DCB207100F0C902 /* resource.h */,
				471EFFD41DCB207100F0C902 /* rgbe.cpp */,
				471EFFD51DCB207100F0C902 /* rgbe.h */,
				471EFFD61DCB207100F0C902 /* Scene.h */,
				471EFFD71DCB207100F0C902 /* SceneLoader.cpp */,
				471EFFD81DCB207100F0C902 /* SceneLoader.h */,
				471EFFD91DCB207100F0C902 /* Sort.cpp */,
				471EFFDA1DCB207100F0C902 /* Sort.h */,
				471EFFDB1DCB207100F0C902 /* SplitBVHBuilder.cpp */,
				471EFFDC1DCB207100F0C902 /* SplitBVHBuilder.h */,
				471EFFDD1DCB207100F0C902 /* tonemap.cuh */,
				471EFFDE1DCB207100F0C902 /* Util.cpp */,
				471EFFDF1DCB207100F0C902 /* Util.h */,
			);
			path = "GPU-path-tracing-tutorial-4";
			sourceTree = "<group>";
		};
		471EFFEC1DCB20BC00F0C902 /* Frameworks */ = {
			isa = PBXGroup;
			children = (
				471EFFF11DCB20E300F0C902 /* GLUT.framework */,
				471EFFEF1DCB20C900F0C902 /* libGLEW.2.0.0.dylib */,
				471EFFED1DCB20BC00F0C902 /* OpenGL.framework */,
			);
			name = Frameworks;
			sourceTree = "<group>";
		};
/* End PBXGroup section */

/* Begin PBXNativeTarget section */
		471EFFB31DCB203F00F0C902 /* GPU-path-tracing-tutorial-4 */ = {
			isa = PBXNativeTarget;
			buildConfigurationList = 471EFFBB1DCB203F00F0C902 /* Build configuration list for PBXNativeTarget "GPU-path-tracing-tutorial-4" */;
			buildPhases = (
				471EFFB01DCB203F00F0C902 /* Sources */,
				471EFFB11DCB203F00F0C902 /* Frameworks */,
				471EFFB21DCB203F00F0C902 /* CopyFiles */,
			);
			buildRules = (
			);
			dependencies = (
			);
			name = "GPU-path-tracing-tutorial-4";
			productName = "GPU-path-tracing-tutorial-4";
			productReference = 471EFFB41DCB203F00F0C902 /* GPU-path-tracing-tutorial-4 */;
			productType = "com.apple.product-type.tool";
		};
/* End PBXNativeTarget section */

/* Begin PBXProject section */
		471EFFAC1DCB203F00F0C902 /* Project object */ = {
			isa = PBXProject;
			attributes = {
				LastUpgradeCheck = 0810;
				ORGANIZATIONNAME = xiangyu;
				TargetAttributes = {
					471EFFB31DCB203F00F0C902 = {
						CreatedOnToolsVersion = 8.1;
						ProvisioningStyle = Automatic;
					};
				};
			};
			buildConfigurationList = 471EFFAF1DCB203F00F0C902 /* Build configuration list for PBXProject "GPU-path-tracing-tutorial-4" */;
			compatibilityVersion = "Xcode 3.2";
			developmentRegion = English;
			hasScannedForEncodings = 0;
			knownRegions = (
				en,
			);
			mainGroup = 471EFFAB1DCB203F00F0C902;
			productRefGroup = 471EFFB51DCB203F00F0C902 /* Products */;
			projectDirPath = "";
			projectRoot = "";
			targets = (
				471EFFB31DCB203F00F0C902 /* GPU-path-tracing-tutorial-4 */,
			);
		};
/* End PBXProject section */

/* Begin PBXSourcesBuildPhase section */
		471EFFB01DCB203F00F0C902 /* Sources */ = {
			isa = PBXSourcesBuildPhase;
			buildActionMask = 2147483647;
			files = (
				471EFFE11DCB207100F0C902 /* BVHNode.cpp in Sources */,
				471EFFE71DCB207100F0C902 /* rgbe.cpp in Sources */,
				471EFFE41DCB207100F0C902 /* HDRloader.cpp in Sources */,
				471EFFEB1DCB207100F0C902 /* Util.cpp in Sources */,
				471EFFE51DCB207100F0C902 /* main.cpp in Sources */,
				471EFFE61DCB207100F0C902 /* README.md in Sources */,
				471EFFE31DCB207100F0C902 /* CudaBVH.cpp in Sources */,
				471EFFE81DCB207100F0C902 /* SceneLoader.cpp in Sources */,
				471EFFE21DCB207100F0C902 /* Camera.cpp in Sources */,
				471EFFE01DCB207100F0C902 /* BVH.cpp in Sources */,
				471EFFEA1DCB207100F0C902 /* SplitBVHBuilder.cpp in Sources */,
				471EFFE91DCB207100F0C902 /* Sort.cpp in Sources */,
			);
			runOnlyForDeploymentPostprocessing = 0;
		};
/* End PBXSourcesBuildPhase section */

/* Begin XCBuildConfiguration section */
		471EFFB91DCB203F00F0C902 /* Debug */ = {
			isa = XCBuildConfiguration;
			buildSettings = {
				ALWAYS_SEARCH_USER_PATHS = NO;
				CLANG_ANALYZER_NONNULL = YES;
				CLANG_CXX_LANGUAGE_STANDARD = "gnu++0x";
				CLANG_CXX_LIBRARY = "libc++";
				CLANG_ENABLE_MODULES = YES;
				CLANG_ENABLE_OBJC_ARC = YES;
				CLANG_WARN_BOOL_CONVERSION = YES;
				CLANG_WARN_CONSTANT_CONVERSION = YES;
				CLANG_WARN_DIRECT_OBJC_ISA_USAGE = YES_ERROR;
				CLANG_WARN_DOCUMENTATION_COMMENTS = YES;
				CLANG_WARN_EMPTY_BODY = YES;
				CLANG_WARN_ENUM_CONVERSION = YES;
				CLANG_WARN_INFINITE_RECURSION = YES;
				CLANG_WARN_INT_CONVERSION = YES;
				CLANG_WARN_OBJC_ROOT_CLASS = YES_ERROR;
				CLANG_WARN_SUSPICIOUS_MOVES = YES;
				CLANG_WARN_UNREACHABLE_CODE = YES;
				CLANG_WARN__DUPLICATE_METHOD_MATCH = YES;
				CODE_SIGN_IDENTITY = "-";
				COPY_PHASE_STRIP = NO;
				DEBUG_INFORMATION_FORMAT = dwarf;
				ENABLE_STRICT_OBJC_MSGSEND = YES;
				ENABLE_TESTABILITY = YES;
				GCC_C_LANGUAGE_STANDARD = gnu99;
				GCC_DYNAMIC_NO_PIC = NO;
				GCC_NO_COMMON_BLOCKS = YES;
				GCC_OPTIMIZATION_LEVEL = 0;
				GCC_PREPROCESSOR_DEFINITIONS = (
					"DEBUG=1",
					"$(inherited)",
				);
				GCC_WARN_64_TO_32_BIT_CONVERSION = YES;
				GCC_WARN_ABOUT_RETURN_TYPE = YES_ERROR;
				GCC_WARN_UNDECLARED_SELECTOR = YES;
				GCC_WARN_UNINITIALIZED_AUTOS = YES_AGGRESSIVE;
				GCC_WARN_UNUSED_FUNCTION = YES;
				GCC_WARN_UNUSED_VARIABLE = YES;
				MACOSX_DEPLOYMENT_TARGET = 10.12;
				MTL_ENABLE_DEBUG_INFO = YES;
				ONLY_ACTIVE_ARCH = YES;
				SDKROOT = macosx;
			};
			name = Debug;
		};
		471EFFBA1DCB203F00F0C902 /* Release */ = {
			isa = XCBuildConfiguration;
			buildSettings = {
				ALWAYS_SEARCH_USER_PATHS = NO;
				CLANG_ANALYZER_NONNULL = YES;
				CLANG_CXX_LANGUAGE_STANDARD = "gnu++0x";
				CLANG_CXX_LIBRARY = "libc++";
				CLANG_ENABLE_MODULES = YES;
				CLANG_ENABLE_OBJC_ARC = YES;
				CLANG_WARN_BOOL_CONVERSION = YES;
				CLANG_WARN_CONSTANT_CONVERSION = YES;
				CLANG_WARN_DIRECT_OBJC_ISA_USAGE = YES_ERROR;
				CLANG_WARN_DOCUMENTATION_COMMENTS = YES;
				CLANG_WARN_EMPTY_BODY = YES;
				CLANG_WARN_ENUM_CONVERSION = YES;
				CLANG_WARN_INFINITE_RECURSION = YES;
				CLANG_WARN_INT_CONVERSION = YES;
				CLANG_WARN_OBJC_ROOT_CLASS = YES_ERROR;
				CLANG_WARN_SUSPICIOUS_MOVES = YES;
				CLANG_WARN_UNREACHABLE_CODE = YES;
				CLANG_WARN__DUPLICATE_METHOD_MATCH = YES;
				CODE_SIGN_IDENTITY = "-";
				COPY_PHASE_STRIP = NO;
				DEBUG_INFORMATION_FORMAT = "dwarf-with-dsym";
				ENABLE_NS_ASSERTIONS = NO;
				ENABLE_STRICT_OBJC_MSGSEND = YES;
				GCC_C_LANGUAGE_STANDARD = gnu99;
				GCC_NO_COMMON_BLOCKS = YES;
				GCC_WARN_64_TO_32_BIT_CONVERSION = YES;
				GCC_WARN_ABOUT_RETURN_TYPE = YES_ERROR;
				GCC_WARN_UNDECLARED_SELECTOR = YES;
				GCC_WARN_UNINITIALIZED_AUTOS = YES_AGGRESSIVE;
				GCC_WARN_UNUSED_FUNCTION = YES;
				GCC_WARN_UNUSED_VARIABLE = YES;
				MACOSX_DEPLOYMENT_TARGET = 10.12;
				MTL_ENABLE_DEBUG_INFO = NO;
				SDKROOT = macosx;
			};
			name = Release;
		};
		471EFFBC1DCB203F00F0C902 /* Debug */ = {
			isa = XCBuildConfiguration;
			buildSettings = {
				ALWAYS_SEARCH_USER_PATHS = YES;
				HEADER_SEARCH_PATHS = /usr/local/include;
				LIBRARY_SEARCH_PATHS = (
					"$(inherited)",
					/usr/local/Cellar/glew/2.0.0/lib,
				);
				PRODUCT_NAME = "$(TARGET_NAME)";
				USER_HEADER_SEARCH_PATHS = /usr/local/include;
			};
			name = Debug;
		};
		471EFFBD1DCB203F00F0C902 /* Release */ = {
			isa = XCBuildConfiguration;
			buildSettings = {
				ALWAYS_SEARCH_USER_PATHS = YES;
				HEADER_SEARCH_PATHS = /usr/local/include;
				LIBRARY_SEARCH_PATHS = (
					"$(inherited)",
					/usr/local/Cellar/glew/2.0.0/lib,
				);
				PRODUCT_NAME = "$(TARGET_NAME)";
				USER_HEADER_SEARCH_PATHS = /usr/local/include;
			};
			name = Release;
		};
/* End XCBuildConfiguration section */

/* Begin XCConfigurationList section */
		471EFFAF1DCB203F00F0C902 /* Build configuration list for PBXProject "GPU-path-tracing-tutorial-4" */ = {
			isa = XCConfigurationList;
			buildConfigurations = (
				471EFFB91DCB203F00F0C902 /* Debug */,
				471EFFBA1DCB203F00F0C902 /* Release */,
			);
			defaultConfigurationIsVisible = 0;
			defaultConfigurationName = Release;
		};
		471EFFBB1DCB203F00F0C902 /* Build configuration list for PBXNativeTarget "GPU-path-tracing-tutorial-4" */ = {
			isa = XCConfigurationList;
			buildConfigurations = (
				471EFFBC1DCB203F00F0C902 /* Debug */,
				471EFFBD1DCB203F00F0C902 /* Release */,
			);
			defaultConfigurationIsVisible = 0;
		};
/* End XCConfigurationList section */
	};
	rootObject = 471EFFAC1DCB203F00F0C902 /* Project object */;
}
